PODS:
  - MediaPipeTasksGenAI (0.10.35):
    - MediaPipeTasksGenAIC (= 0.10.35)
  - MediaPipeTasksGenAIC (0.10.35)

DEPENDENCIES:
  - MediaPipeTasksGenAI
  - MediaPipeTasksGenAIC

SPEC REPOS:
  trunk:
    - MediaPipeTasksGenAI
    - MediaPipeTasksGenAIC

SPEC CHECKSUMS:
  MediaPipeTasksGenAI: e311d919ab79b2e615e381b65ad271b2c2617312
  MediaPipeTasksGenAIC: fee4ffd93e57fd2022287bcce0340b3c68b537be

PODFILE CHECKSUM: a3406076f99b754804af79fd4afc0e2397089cb5

COCOAPODS: 1.17.0
